
Microsoft Visual Studio Solution File, Format Version 12.00
# Visual Studio Version 16
VisualStudioVersion = 16.0.31424.327
MinimumVisualStudioVersion = 10.0.40219.1
Project("{FAE04EC0-301F-11D3-BF4B-00C04F79EFBC}") = "FP Pemrograman", "FP Pemrograman\FP Pemrograman.csproj", "{2D2ADE7A-B2D7-4F24-978E-8148F171D4C4}"
EndProject
Global
	GlobalSection(SolutionConfigurationPlatforms) = preSolution
		Debug|Any CPU = Debug|Any CPU
		Release|Any CPU = Release|Any CPU
	EndGlobalSection
	GlobalSection(ProjectConfigurationPlatforms) = postSolution
		{2D2ADE7A-B2D7-4F24-978E-8148F171D4C4}.Debug|Any CPU.ActiveCfg = Debug|Any CPU
		{2D2ADE7A-B2D7-4F24-978E-8148F171D4C4}.Debug|Any CPU.Build.0 = Debug|Any CPU
		{2D2ADE7A-B2D7-4F24-978E-8148F171D4C4}.Release|Any CPU.ActiveCfg = Release|Any CPU
		{2D2ADE7A-B2D7-4F24-978E-8148F171D4C4}.Release|Any CPU.Build.0 = Release|Any CPU
	EndGlobalSection
	GlobalSection(SolutionProperties) = preSolution
		HideSolutionNode = FALSE
	EndGlobalSection
	GlobalSection(ExtensibilityGlobals) = postSolution
		SolutionGuid = {B1163030-A888-4B56-A005-105777F02BF2}
	EndGlobalSection
EndGlobal
